// !$*UTF8*$!
{
	archiveVersion = 1;
	classes = {
	};
	objectVersion = 46;
	objects = {

/* Begin PBXBuildFile section */
		BC975F8519EB76370012C611 /* Foundation.framework in Frameworks */ = {isa = PBXBuildFile; fileRef = BC975F8419EB76370012C611 /* Foundation.framework */; };
		BC975F8719EB76370012C611 /* CoreGraphics.framework in Frameworks */ = {isa = PBXBuildFile; fileRef = BC975F8619EB76370012C611 /* CoreGraphics.framework */; };
		BC975F8919EB76370012C611 /* UIKit.framework in Frameworks */ = {isa = PBXBuildFile; fileRef = BC975F8819EB76370012C611 /* UIKit.framework */; };
		BC975F8F19EB76380012C611 /* InfoPlist.strings in Resources */ = {isa = PBXBuildFile; fileRef = BC975F8D19EB76370012C611 /* InfoPlist.strings */; };
		BC975F9119EB76380012C611 /* main.m in Sources */ = {isa = PBXBuildFile; fileRef = BC975F9019EB76380012C611 /* main.m */; };
		BC975F9519EB76380012C611 /* AppDelegate.m in Sources */ = {isa = PBXBuildFile; fileRef = BC975F9419EB76380012C611 /* AppDelegate.m */; };
		BC975F9719EB76380012C611 /* Images.xcassets in Resources */ = {isa = PBXBuildFile; fileRef = BC975F9619EB76380012C611 /* Images.xcassets */; };
		BC975F9E19EB76380012C611 /* XCTest.framework in Frameworks */ = {isa = PBXBuildFile; fileRef = BC975F9D19EB76380012C611 /* XCTest.framework */; };
		BC975F9F19EB76380012C611 /* Foundation.framework in Frameworks */ = {isa = PBXBuildFile; fileRef = BC975F8419EB76370012C611 /* Foundation.framework */; };
		BC975FA019EB76380012C611 /* UIKit.framework in Frameworks */ = {isa = PBXBuildFile; fileRef = BC975F8819EB76370012C611 /* UIKit.framework */; };
		BC975FA819EB76380012C611 /* InfoPlist.strings in Resources */ = {isa = PBXBuildFile; fileRef = BC975FA619EB76380012C611 /* InfoPlist.strings */; };
		BC975FAA19EB76380012C611 /* ___Tests.m in Sources */ = {isa = PBXBuildFile; fileRef = BC975FA919EB76380012C611 /* ___Tests.m */; };
		BC975FBE19EB764E0012C611 /* FMDatabase.m in Sources */ = {isa = PBXBuildFile; fileRef = BC975FB519EB764E0012C611 /* FMDatabase.m */; settings = {COMPILER_FLAGS = "－fno-objc-arc"; }; };
		BC975FBF19EB764E0012C611 /* FMDatabaseAdditions.m in Sources */ = {isa = PBXBuildFile; fileRef = BC975FB719EB764E0012C611 /* FMDatabaseAdditions.m */; settings = {COMPILER_FLAGS = "－fno-objc-arc"; }; };
		BC975FC019EB764E0012C611 /* FMDatabasePool.m in Sources */ = {isa = PBXBuildFile; fileRef = BC975FB919EB764E0012C611 /* FMDatabasePool.m */; settings = {COMPILER_FLAGS = "－fno-objc-arc"; }; };
		BC975FC119EB764E0012C611 /* FMDatabaseQueue.m in Sources */ = {isa = PBXBuildFile; fileRef = BC975FBB19EB764E0012C611 /* FMDatabaseQueue.m */; settings = {COMPILER_FLAGS = "－fno-objc-arc"; }; };
		BC975FC219EB764E0012C611 /* FMResultSet.m in Sources */ = {isa = PBXBuildFile; fileRef = BC975FBD19EB764E0012C611 /* FMResultSet.m */; settings = {COMPILER_FLAGS = "－fno-objc-arc"; }; };
		BC975FC419EB771C0012C611 /* libsqlite3.dylib in Frameworks */ = {isa = PBXBuildFile; fileRef = BC975FC319EB771C0012C611 /* libsqlite3.dylib */; };
		BC975FC719EB77A70012C611 /* DBManager.m in Sources */ = {isa = PBXBuildFile; fileRef = BC975FC619EB77A70012C611 /* DBManager.m */; };
		BC975FCA19EB782B0012C611 /* UserModel.m in Sources */ = {isa = PBXBuildFile; fileRef = BC975FC919EB782B0012C611 /* UserModel.m */; };
		BC975FCD19EB7D1D0012C611 /* ViewController.m in Sources */ = {isa = PBXBuildFile; fileRef = BC975FCC19EB7D1D0012C611 /* ViewController.m */; };
		BC975FD119EB81780012C611 /* AddEditeViewController.m in Sources */ = {isa = PBXBuildFile; fileRef = BC975FD019EB81780012C611 /* AddEditeViewController.m */; };
/* End PBXBuildFile section */

/* Begin PBXContainerItemProxy section */
		BC975FA119EB76380012C611 /* PBXContainerItemProxy */ = {
			isa = PBXContainerItemProxy;
			containerPortal = BC975F7919EB76370012C611 /* Project object */;
			proxyType = 1;
			remoteGlobalIDString = BC975F8019EB76370012C611;
			remoteInfo = "数据库";
		};
/* End PBXContainerItemProxy section */

/* Begin PBXFileReference section */
		BC975F8119EB76370012C611 /* 数据库.app */ = {isa = PBXFileReference; explicitFileType = wrapper.application; includeInIndex = 0; path = "数据库.app"; sourceTree = BUILT_PRODUCTS_DIR; };
		BC975F8419EB76370012C611 /* Foundation.framework */ = {isa = PBXFileReference; lastKnownFileType = wrapper.framework; name = Foundation.framework; path = System/Library/Frameworks/Foundation.framework; sourceTree = SDKROOT; };
		BC975F8619EB76370012C611 /* CoreGraphics.framework */ = {isa = PBXFileReference; lastKnownFileType = wrapper.framework; name = CoreGraphics.framework; path = System/Library/Frameworks/CoreGraphics.framework; sourceTree = SDKROOT; };
		BC975F8819EB76370012C611 /* UIKit.framework */ = {isa = PBXFileReference; lastKnownFileType = wrapper.framework; name = UIKit.framework; path = System/Library/Frameworks/UIKit.framework; sourceTree = SDKROOT; };
		BC975F8C19EB76370012C611 /* 数据库-Info.plist */ = {isa = PBXFileReference; lastKnownFileType = text.plist.xml; path = "数据库-Info.plist"; sourceTree = "<group>"; };
		BC975F8E19EB76370012C611 /* en */ = {isa = PBXFileReference; lastKnownFileType = text.plist.strings; name = en; path = en.lproj/InfoPlist.strings; sourceTree = "<group>"; };
		BC975F9019EB76380012C611 /* main.m */ = {isa = PBXFileReference; lastKnownFileType = sourcecode.c.objc; path = main.m; sourceTree = "<group>"; };
		BC975F9219EB76380012C611 /* 数据库-Prefix.pch */ = {isa = PBXFileReference; lastKnownFileType = sourcecode.c.h; path = "数据库-Prefix.pch"; sourceTree = "<group>"; };
		BC975F9319EB76380012C611 /* AppDelegate.h */ = {isa = PBXFileReference; lastKnownFileType = sourcecode.c.h; path = AppDelegate.h; sourceTree = "<group>"; };
		BC975F9419EB76380012C611 /* AppDelegate.m */ = {isa = PBXFileReference; lastKnownFileType = sourcecode.c.objc; path = AppDelegate.m; sourceTree = "<group>"; };
		BC975F9619EB76380012C611 /* Images.xcassets */ = {isa = PBXFileReference; lastKnownFileType = folder.assetcatalog; path = Images.xcassets; sourceTree = "<group>"; };
		BC975F9C19EB76380012C611 /* 数据库Tests.xctest */ = {isa = PBXFileReference; explicitFileType = wrapper.cfbundle; includeInIndex = 0; path = "数据库Tests.xctest"; sourceTree = BUILT_PRODUCTS_DIR; };
		BC975F9D19EB76380012C611 /* XCTest.framework */ = {isa = PBXFileReference; lastKnownFileType = wrapper.framework; name = XCTest.framework; path = Library/Frameworks/XCTest.framework; sourceTree = DEVELOPER_DIR; };
		BC975FA519EB76380012C611 /* 数据库Tests-Info.plist */ = {isa = PBXFileReference; lastKnownFileType = text.plist.xml; path = "数据库Tests-Info.plist"; sourceTree = "<group>"; };
		BC975FA719EB76380012C611 /* en */ = {isa = PBXFileReference; lastKnownFileType = text.plist.strings; name = en; path = en.lproj/InfoPlist.strings; sourceTree = "<group>"; };
		BC975FA919EB76380012C611 /* ___Tests.m */ = {isa = PBXFileReference; lastKnownFileType = sourcecode.c.objc; path = "___Tests.m"; sourceTree = "<group>"; };
		BC975FB419EB764E0012C611 /* FMDatabase.h */ = {isa = PBXFileReference; fileEncoding = 4; lastKnownFileType = sourcecode.c.h; path = FMDatabase.h; sourceTree = "<group>"; };
		BC975FB519EB764E0012C611 /* FMDatabase.m */ = {isa = PBXFileReference; fileEncoding = 4; lastKnownFileType = sourcecode.c.objc; path = FMDatabase.m; sourceTree = "<group>"; };
		BC975FB619EB764E0012C611 /* FMDatabaseAdditions.h */ = {isa = PBXFileReference; fileEncoding = 4; lastKnownFileType = sourcecode.c.h; path = FMDatabaseAdditions.h; sourceTree = "<group>"; };
		BC975FB719EB764E0012C611 /* FMDatabaseAdditions.m */ = {isa = PBXFileReference; fileEncoding = 4; lastKnownFileType = sourcecode.c.objc; path = FMDatabaseAdditions.m; sourceTree = "<group>"; };
		BC975FB819EB764E0012C611 /* FMDatabasePool.h */ = {isa = PBXFileReference; fileEncoding = 4; lastKnownFileType = sourcecode.c.h; path = FMDatabasePool.h; sourceTree = "<group>"; };
		BC975FB919EB764E0012C611 /* FMDatabasePool.m */ = {isa = PBXFileReference; fileEncoding = 4; lastKnownFileType = sourcecode.c.objc; path = FMDatabasePool.m; sourceTree = "<group>"; };
		BC975FBA19EB764E0012C611 /* FMDatabaseQueue.h */ = {isa = PBXFileReference; fileEncoding = 4; lastKnownFileType = sourcecode.c.h; path = FMDatabaseQueue.h; sourceTree = "<group>"; };
		BC975FBB19EB764E0012C611 /* FMDatabaseQueue.m */ = {isa = PBXFileReference; fileEncoding = 4; lastKnownFileType = sourcecode.c.objc; path = FMDatabaseQueue.m; sourceTree = "<group>"; };
		BC975FBC19EB764E0012C611 /* FMResultSet.h */ = {isa = PBXFileReference; fileEncoding = 4; lastKnownFileType = sourcecode.c.h; path = FMResultSet.h; sourceTree = "<group>"; };
		BC975FBD19EB764E0012C611 /* FMResultSet.m */ = {isa = PBXFileReference; fileEncoding = 4; lastKnownFileType = sourcecode.c.objc; path = FMResultSet.m; sourceTree = "<group>"; };
		BC975FC319EB771C0012C611 /* libsqlite3.dylib */ = {isa = PBXFileReference; lastKnownFileType = "compiled.mach-o.dylib"; name = libsqlite3.dylib; path = usr/lib/libsqlite3.dylib; sourceTree = SDKROOT; };
		BC975FC519EB77A70012C611 /* DBManager.h */ = {isa = PBXFileReference; fileEncoding = 4; lastKnownFileType = sourcecode.c.h; path = DBManager.h; sourceTree = "<group>"; };
		BC975FC619EB77A70012C611 /* DBManager.m */ = {isa = PBXFileReference; fileEncoding = 4; lastKnownFileType = sourcecode.c.objc; path = DBManager.m; sourceTree = "<group>"; };
		BC975FC819EB782B0012C611 /* UserModel.h */ = {isa = PBXFileReference; fileEncoding = 4; lastKnownFileType = sourcecode.c.h; path = UserModel.h; sourceTree = "<group>"; };
		BC975FC919EB782B0012C611 /* UserModel.m */ = {isa = PBXFileReference; fileEncoding = 4; lastKnownFileType = sourcecode.c.objc; path = UserModel.m; sourceTree = "<group>"; };
		BC975FCB19EB7D1D0012C611 /* ViewController.h */ = {isa = PBXFileReference; fileEncoding = 4; lastKnownFileType = sourcecode.c.h; path = ViewController.h; sourceTree = "<group>"; };
		BC975FCC19EB7D1D0012C611 /* ViewController.m */ = {isa = PBXFileReference; fileEncoding = 4; lastKnownFileType = sourcecode.c.objc; path = ViewController.m; sourceTree = "<group>"; };
		BC975FCF19EB81780012C611 /* AddEditeViewController.h */ = {isa = PBXFileReference; fileEncoding = 4; lastKnownFileType = sourcecode.c.h; path = AddEditeViewController.h; sourceTree = "<group>"; };
		BC975FD019EB81780012C611 /* AddEditeViewController.m */ = {isa = PBXFileReference; fileEncoding = 4; lastKnownFileType = sourcecode.c.objc; path = AddEditeViewController.m; sourceTree = "<group>"; };
/* End PBXFileReference section */

/* Begin PBXFrameworksBuildPhase section */
		BC975F7E19EB76370012C611 /* Frameworks */ = {
			isa = PBXFrameworksBuildPhase;
			buildActionMask = 2147483647;
			files = (
				BC975FC419EB771C0012C611 /* libsqlite3.dylib in Frameworks */,
				BC975F8719EB76370012C611 /* CoreGraphics.framework in Frameworks */,
				BC975F8919EB76370012C611 /* UIKit.framework in Frameworks */,
				BC975F8519EB76370012C611 /* Foundation.framework in Frameworks */,
			);
			runOnlyForDeploymentPostprocessing = 0;
		};
		BC975F9919EB76380012C611 /* Frameworks */ = {
			isa = PBXFrameworksBuildPhase;
			buildActionMask = 2147483647;
			files = (
				BC975F9E19EB76380012C611 /* XCTest.framework in Frameworks */,
				BC975FA019EB76380012C611 /* UIKit.framework in Frameworks */,
				BC975F9F19EB76380012C611 /* Foundation.framework in Frameworks */,
			);
			runOnlyForDeploymentPostprocessing = 0;
		};
/* End PBXFrameworksBuildPhase section */

/* Begin PBXGroup section */
		BC975F7819EB76370012C611 = {
			isa = PBXGroup;
			children = (
				BC975F8A19EB76370012C611 /* 数据库 */,
				BC975FA319EB76380012C611 /* 数据库Tests */,
				BC975F8319EB76370012C611 /* Frameworks */,
				BC975F8219EB76370012C611 /* Products */,
			);
			sourceTree = "<group>";
		};
		BC975F8219EB76370012C611 /* Products */ = {
			isa = PBXGroup;
			children = (
				BC975F8119EB76370012C611 /* 数据库.app */,
				BC975F9C19EB76380012C611 /* 数据库Tests.xctest */,
			);
			name = Products;
			sourceTree = "<group>";
		};
		BC975F8319EB76370012C611 /* Frameworks */ = {
			isa = PBXGroup;
			children = (
				BC975FC319EB771C0012C611 /* libsqlite3.dylib */,
				BC975F8419EB76370012C611 /* Foundation.framework */,
				BC975F8619EB76370012C611 /* CoreGraphics.framework */,
				BC975F8819EB76370012C611 /* UIKit.framework */,
				BC975F9D19EB76380012C611 /* XCTest.framework */,
			);
			name = Frameworks;
			sourceTree = "<group>";
		};
		BC975F8A19EB76370012C611 /* 数据库 */ = {
			isa = PBXGroup;
			children = (
				BC975FCE19EB81640012C611 /* New Group */,
				BC975F9319EB76380012C611 /* AppDelegate.h */,
				BC975F9419EB76380012C611 /* AppDelegate.m */,
				BC975FC519EB77A70012C611 /* DBManager.h */,
				BC975FC619EB77A70012C611 /* DBManager.m */,
				BC975FC819EB782B0012C611 /* UserModel.h */,
				BC975FC919EB782B0012C611 /* UserModel.m */,
				BC975F9619EB76380012C611 /* Images.xcassets */,
				BC975F8B19EB76370012C611 /* Supporting Files */,
			);
			path = "数据库";
			sourceTree = "<group>";
		};
		BC975F8B19EB76370012C611 /* Supporting Files */ = {
			isa = PBXGroup;
			children = (
				BC975FB319EB764E0012C611 /* fmdb */,
				BC975F8C19EB76370012C611 /* 数据库-Info.plist */,
				BC975F8D19EB76370012C611 /* InfoPlist.strings */,
				BC975F9019EB76380012C611 /* main.m */,
				BC975F9219EB76380012C611 /* 数据库-Prefix.pch */,
			);
			name = "Supporting Files";
			sourceTree = "<group>";
		};
		BC975FA319EB76380012C611 /* 数据库Tests */ = {
			isa = PBXGroup;
			children = (
				BC975FA919EB76380012C611 /* ___Tests.m */,
				BC975FA419EB76380012C611 /* Supporting Files */,
			);
			path = "数据库Tests";
			sourceTree = "<group>";
		};
		BC975FA419EB76380012C611 /* Supporting Files */ = {
			isa = PBXGroup;
			children = (
				BC975FA519EB76380012C611 /* 数据库Tests-Info.plist */,
				BC975FA619EB76380012C611 /* InfoPlist.strings */,
			);
			name = "Supporting Files";
			sourceTree = "<group>";
		};
		BC975FB319EB764E0012C611 /* fmdb */ = {
			isa = PBXGroup;
			children = (
				BC975FB419EB764E0012C611 /* FMDatabase.h */,
				BC975FB519EB764E0012C611 /* FMDatabase.m */,
				BC975FB619EB764E0012C611 /* FMDatabaseAdditions.h */,
				BC975FB719EB764E0012C611 /* FMDatabaseAdditions.m */,
				BC975FB819EB764E0012C611 /* FMDatabasePool.h */,
				BC975FB919EB764E0012C611 /* FMDatabasePool.m */,
				BC975FBA19EB764E0012C611 /* FMDatabaseQueue.h */,
				BC975FBB19EB764E0012C611 /* FMDatabaseQueue.m */,
				BC975FBC19EB764E0012C611 /* FMResultSet.h */,
				BC975FBD19EB764E0012C611 /* FMResultSet.m */,
			);
			name = fmdb;
			path = ../fmdb;
			sourceTree = "<group>";
		};
		BC975FCE19EB81640012C611 /* New Group */ = {
			isa = PBXGroup;
			children = (
				BC975FCB19EB7D1D0012C611 /* ViewController.h */,
				BC975FCC19EB7D1D0012C611 /* ViewController.m */,
				BC975FCF19EB81780012C611 /* AddEditeViewController.h */,
				BC975FD019EB81780012C611 /* AddEditeViewController.m */,
			);
			name = "New Group";
			sourceTree = "<group>";
		};
/* End PBXGroup section */

/* Begin PBXNativeTarget section */
		BC975F8019EB76370012C611 /* 数据库 */ = {
			isa = PBXNativeTarget;
			buildConfigurationList = BC975FAD19EB76380012C611 /* Build configuration list for PBXNativeTarget "数据库" */;
			buildPhases = (
				BC975F7D19EB76370012C611 /* Sources */,
				BC975F7E19EB76370012C611 /* Frameworks */,
				BC975F7F19EB76370012C611 /* Resources */,
			);
			buildRules = (
			);
			dependencies = (
			);
			name = "数据库";
			productName = "数据库";
			productReference = BC975F8119EB76370012C611 /* 数据库.app */;
			productType = "com.apple.product-type.application";
		};
		BC975F9B19EB76380012C611 /* 数据库Tests */ = {
			isa = PBXNativeTarget;
			buildConfigurationList = BC975FB019EB76380012C611 /* Build configuration list for PBXNativeTarget "数据库Tests" */;
			buildPhases = (
				BC975F9819EB76380012C611 /* Sources */,
				BC975F9919EB76380012C611 /* Frameworks */,
				BC975F9A19EB76380012C611 /* Resources */,
			);
			buildRules = (
			);
			dependencies = (
				BC975FA219EB76380012C611 /* PBXTargetDependency */,
			);
			name = "数据库Tests";
			productName = "数据库Tests";
			productReference = BC975F9C19EB76380012C611 /* 数据库Tests.xctest */;
			productType = "com.apple.product-type.bundle.unit-test";
		};
/* End PBXNativeTarget section */

/* Begin PBXProject section */
		BC975F7919EB76370012C611 /* Project object */ = {
			isa = PBXProject;
			attributes = {
				LastUpgradeCheck = 0510;
				ORGANIZATIONNAME = "___FULLUSERNAME___";
				TargetAttributes = {
					BC975F9B19EB76380012C611 = {
						TestTargetID = BC975F8019EB76370012C611;
					};
				};
			};
			buildConfigurationList = BC975F7C19EB76370012C611 /* Build configuration list for PBXProject "数据库" */;
			compatibilityVersion = "Xcode 3.2";
			developmentRegion = English;
			hasScannedForEncodings = 0;
			knownRegions = (
				en,
			);
			mainGroup = BC975F7819EB76370012C611;
			productRefGroup = BC975F8219EB76370012C611 /* Products */;
			projectDirPath = "";
			projectRoot = "";
			targets = (
				BC975F8019EB76370012C611 /* 数据库 */,
				BC975F9B19EB76380012C611 /* 数据库Tests */,
			);
		};
/* End PBXProject section */

/* Begin PBXResourcesBuildPhase section */
		BC975F7F19EB76370012C611 /* Resources */ = {
			isa = PBXResourcesBuildPhase;
			buildActionMask = 2147483647;
			files = (
				BC975F8F19EB76380012C611 /* InfoPlist.strings in Resources */,
				BC975F9719EB76380012C611 /* Images.xcassets in Resources */,
			);
			runOnlyForDeploymentPostprocessing = 0;
		};
		BC975F9A19EB76380012C611 /* Resources */ = {
			isa = PBXResourcesBuildPhase;
			buildActionMask = 2147483647;
			files = (
				BC975FA819EB76380012C611 /* InfoPlist.strings in Resources */,
			);
			runOnlyForDeploymentPostprocessing = 0;
		};
/* End PBXResourcesBuildPhase section */

/* Begin PBXSourcesBuildPhase section */
		BC975F7D19EB76370012C611 /* Sources */ = {
			isa = PBXSourcesBuildPhase;
			buildActionMask = 2147483647;
			files = (
				BC975FBE19EB764E0012C611 /* FMDatabase.m in Sources */,
				BC975F9519EB76380012C611 /* AppDelegate.m in Sources */,
				BC975FC219EB764E0012C611 /* FMResultSet.m in Sources */,
				BC975FC019EB764E0012C611 /* FMDatabasePool.m in Sources */,
				BC975FCD19EB7D1D0012C611 /* ViewController.m in Sources */,
				BC975F9119EB76380012C611 /* main.m in Sources */,
				BC975FBF19EB764E0012C611 /* FMDatabaseAdditions.m in Sources */,
				BC975FC119EB764E0012C611 /* FMDatabaseQueue.m in Sources */,
				BC975FC719EB77A70012C611 /* DBManager.m in Sources */,
				BC975FCA19EB782B0012C611 /* UserModel.m in Sources */,
				BC975FD119EB81780012C611 /* AddEditeViewController.m in Sources */,
			);
			runOnlyForDeploymentPostprocessing = 0;
		};
		BC975F9819EB76380012C611 /* Sources */ = {
			isa = PBXSourcesBuildPhase;
			buildActionMask = 2147483647;
			files = (
				BC975FAA19EB76380012C611 /* ___Tests.m in Sources */,
			);
			runOnlyForDeploymentPostprocessing = 0;
		};
/* End PBXSourcesBuildPhase section */

/* Begin PBXTargetDependency section */
		BC975FA219EB76380012C611 /* PBXTargetDependency */ = {
			isa = PBXTargetDependency;
			target = BC975F8019EB76370012C611 /* 数据库 */;
			targetProxy = BC975FA119EB76380012C611 /* PBXContainerItemProxy */;
		};
/* End PBXTargetDependency section */

/* Begin PBXVariantGroup section */
		BC975F8D19EB76370012C611 /* InfoPlist.strings */ = {
			isa = PBXVariantGroup;
			children = (
				BC975F8E19EB76370012C611 /* en */,
			);
			name = InfoPlist.strings;
			sourceTree = "<group>";
		};
		BC975FA619EB76380012C611 /* InfoPlist.strings */ = {
			isa = PBXVariantGroup;
			children = (
				BC975FA719EB76380012C611 /* en */,
			);
			name = InfoPlist.strings;
			sourceTree = "<group>";
		};
/* End PBXVariantGroup section */

/* Begin XCBuildConfiguration section */
		BC975FAB19EB76380012C611 /* Debug */ = {
			isa = XCBuildConfiguration;
			buildSettings = {
				ALWAYS_SEARCH_USER_PATHS = NO;
				CLANG_CXX_LANGUAGE_STANDARD = "gnu++0x";
				CLANG_CXX_LIBRARY = "libc++";
				CLANG_ENABLE_MODULES = YES;
				CLANG_ENABLE_OBJC_ARC = YES;
				CLANG_WARN_BOOL_CONVERSION = YES;
				CLANG_WARN_CONSTANT_CONVERSION = YES;
				CLANG_WARN_DIRECT_OBJC_ISA_USAGE = YES_ERROR;
				CLANG_WARN_EMPTY_BODY = YES;
				CLANG_WARN_ENUM_CONVERSION = YES;
				CLANG_WARN_INT_CONVERSION = YES;
				CLANG_WARN_OBJC_ROOT_CLASS = YES_ERROR;
				CLANG_WARN__DUPLICATE_METHOD_MATCH = YES;
				"CODE_SIGN_IDENTITY[sdk=iphoneos*]" = "iPhone Developer";
				COPY_PHASE_STRIP = NO;
				GCC_C_LANGUAGE_STANDARD = gnu99;
				GCC_DYNAMIC_NO_PIC = NO;
				GCC_OPTIMIZATION_LEVEL = 0;
				GCC_PREPROCESSOR_DEFINITIONS = (
					"DEBUG=1",
					"$(inherited)",
				);
				GCC_SYMBOLS_PRIVATE_EXTERN = NO;
				GCC_WARN_64_TO_32_BIT_CONVERSION = YES;
				GCC_WARN_ABOUT_RETURN_TYPE = YES_ERROR;
				GCC_WARN_UNDECLARED_SELECTOR = YES;
				GCC_WARN_UNINITIALIZED_AUTOS = YES_AGGRESSIVE;
				GCC_WARN_UNUSED_FUNCTION = YES;
				GCC_WARN_UNUSED_VARIABLE = YES;
				IPHONEOS_DEPLOYMENT_TARGET = 7.1;
				ONLY_ACTIVE_ARCH = YES;
				SDKROOT = iphoneos;
			};
			name = Debug;
		};
		BC975FAC19EB76380012C611 /* Release */ = {
			isa = XCBuildConfiguration;
			buildSettings = {
				ALWAYS_SEARCH_USER_PATHS = NO;
				CLANG_CXX_LANGUAGE_STANDARD = "gnu++0x";
				CLANG_CXX_LIBRARY = "libc++";
				CLANG_ENABLE_MODULES = YES;
				CLANG_ENABLE_OBJC_ARC = YES;
				CLANG_WARN_BOOL_CONVERSION = YES;
				CLANG_WARN_CONSTANT_CONVERSION = YES;
				CLANG_WARN_DIRECT_OBJC_ISA_USAGE = YES_ERROR;
				CLANG_WARN_EMPTY_BODY = YES;
				CLANG_WARN_ENUM_CONVERSION = YES;
				CLANG_WARN_INT_CONVERSION = YES;
				CLANG_WARN_OBJC_ROOT_CLASS = YES_ERROR;
				CLANG_WARN__DUPLICATE_METHOD_MATCH = YES;
				"CODE_SIGN_IDENTITY[sdk=iphoneos*]" = "iPhone Developer";
				COPY_PHASE_STRIP = YES;
				ENABLE_NS_ASSERTIONS = NO;
				GCC_C_LANGUAGE_STANDARD = gnu99;
				GCC_WARN_64_TO_32_BIT_CONVERSION = YES;
				GCC_WARN_ABOUT_RETURN_TYPE = YES_ERROR;
				GCC_WARN_UNDECLARED_SELECTOR = YES;
				GCC_WARN_UNINITIALIZED_AUTOS = YES_AGGRESSIVE;
				GCC_WARN_UNUSED_FUNCTION = YES;
				GCC_WARN_UNUSED_VARIABLE = YES;
				IPHONEOS_DEPLOYMENT_TARGET = 7.1;
				SDKROOT = iphoneos;
				VALIDATE_PRODUCT = YES;
			};
			name = Release;
		};
		BC975FAE19EB76380012C611 /* Debug */ = {
			isa = XCBuildConfiguration;
			buildSettings = {
				ASSETCATALOG_COMPILER_APPICON_NAME = AppIcon;
				ASSETCATALOG_COMPILER_LAUNCHIMAGE_NAME = LaunchImage;
				GCC_PRECOMPILE_PREFIX_HEADER = YES;
				GCC_PREFIX_HEADER = "数据库/数据库-Prefix.pch";
				INFOPLIST_FILE = "数据库/数据库-Info.plist";
				PRODUCT_NAME = "$(TARGET_NAME)";
				WRAPPER_EXTENSION = app;
			};
			name = Debug;
		};
		BC975FAF19EB76380012C611 /* Release */ = {
			isa = XCBuildConfiguration;
			buildSettings = {
				ASSETCATALOG_COMPILER_APPICON_NAME = AppIcon;
				ASSETCATALOG_COMPILER_LAUNCHIMAGE_NAME = LaunchImage;
				GCC_PRECOMPILE_PREFIX_HEADER = YES;
				GCC_PREFIX_HEADER = "数据库/数据库-Prefix.pch";
				INFOPLIST_FILE = "数据库/数据库-Info.plist";
				PRODUCT_NAME = "$(TARGET_NAME)";
				WRAPPER_EXTENSION = app;
			};
			name = Release;
		};
		BC975FB119EB76380012C611 /* Debug */ = {
			isa = XCBuildConfiguration;
			buildSettings = {
				BUNDLE_LOADER = "$(BUILT_PRODUCTS_DIR)/数据库.app/数据库";
				FRAMEWORK_SEARCH_PATHS = (
					"$(SDKROOT)/Developer/Library/Frameworks",
					"$(inherited)",
					"$(DEVELOPER_FRAMEWORKS_DIR)",
				);
				GCC_PRECOMPILE_PREFIX_HEADER = YES;
				GCC_PREFIX_HEADER = "数据库/数据库-Prefix.pch";
				GCC_PREPROCESSOR_DEFINITIONS = (
					"DEBUG=1",
					"$(inherited)",
				);
				INFOPLIST_FILE = "数据库Tests/数据库Tests-Info.plist";
				PRODUCT_NAME = "$(TARGET_NAME)";
				TEST_HOST = "$(BUNDLE_LOADER)";
				WRAPPER_EXTENSION = xctest;
			};
			name = Debug;
		};
		BC975FB219EB76380012C611 /* Release */ = {
			isa = XCBuildConfiguration;
			buildSettings = {
				BUNDLE_LOADER = "$(BUILT_PRODUCTS_DIR)/数据库.app/数据库";
				FRAMEWORK_SEARCH_PATHS = (
					"$(SDKROOT)/Developer/Library/Frameworks",
					"$(inherited)",
					"$(DEVELOPER_FRAMEWORKS_DIR)",
				);
				GCC_PRECOMPILE_PREFIX_HEADER = YES;
				GCC_PREFIX_HEADER = "数据库/数据库-Prefix.pch";
				INFOPLIST_FILE = "数据库Tests/数据库Tests-Info.plist";
				PRODUCT_NAME = "$(TARGET_NAME)";
				TEST_HOST = "$(BUNDLE_LOADER)";
				WRAPPER_EXTENSION = xctest;
			};
			name = Release;
		};
/* End XCBuildConfiguration section */

/* Begin XCConfigurationList section */
		BC975F7C19EB76370012C611 /* Build configuration list for PBXProject "数据库" */ = {
			isa = XCConfigurationList;
			buildConfigurations = (
				BC975FAB19EB76380012C611 /* Debug */,
				BC975FAC19EB76380012C611 /* Release */,
			);
			defaultConfigurationIsVisible = 0;
			defaultConfigurationName = Release;
		};
		BC975FAD19EB76380012C611 /* Build configuration list for PBXNativeTarget "数据库" */ = {
			isa = XCConfigurationList;
			buildConfigurations = (
				BC975FAE19EB76380012C611 /* Debug */,
				BC975FAF19EB76380012C611 /* Release */,
			);
			defaultConfigurationIsVisible = 0;
		};
		BC975FB019EB76380012C611 /* Build configuration list for PBXNativeTarget "数据库Tests" */ = {
			isa = XCConfigurationList;
			buildConfigurations = (
				BC975FB119EB76380012C611 /* Debug */,
				BC975FB219EB76380012C611 /* Release */,
			);
			defaultConfigurationIsVisible = 0;
		};
/* End XCConfigurationList section */
	};
	rootObject = BC975F7919EB76370012C611 /* Project object */;
}
